{
  "name": "zoneandco",
  "lockfileVersion": 3,
  "requires": true,
  "packages": {
    "": {
      "devDependencies": {
        "@hitc/netsuite-types": "^2025.1.13"
      }
    },
    "node_modules/@hitc/netsuite-types": {
      "version": "2025.1.13",
      "resolved": "https://registry.npmjs.org/@hitc/netsuite-types/-/netsuite-types-2025.1.13.tgz",
      "integrity": "sha512-2YX47Em8VssgDC1Gtf6To0xD7RqFHs0kZexkfcc4N0qZz5XiLHSKooIkWSiEcvm2M6Aw7F2T5wXfLYdiKi/0gg==",
      "dev": true
    }
  }
}
